
Microsoft Visual Studio Solution File, Format Version 12.00
# Visual Studio Version 16
VisualStudioVersion = 16.0.30523.141
MinimumVisualStudioVersion = 10.0.40219.1
Project("{FAE04EC0-301F-11D3-BF4B-00C04F79EFBC}") = "WindowsFormsApp1", "WindowsFormsApp1.csproj", "{592ACC41-A1D1-44CA-A6C9-5771E72FDD97}"
EndProject
Global
	GlobalSection(SolutionConfigurationPlatforms) = preSolution
		Debug|Any CPU = Debug|Any CPU
		Release|Any CPU = Release|Any CPU
	EndGlobalSection
	GlobalSection(ProjectConfigurationPlatforms) = postSolution
		{592ACC41-A1D1-44CA-A6C9-5771E72FDD97}.Debug|Any CPU.ActiveCfg = Debug|Any CPU
		{592ACC41-A1D1-44CA-A6C9-5771E72FDD97}.Debug|Any CPU.Build.0 = Debug|Any CPU
		{592ACC41-A1D1-44CA-A6C9-5771E72FDD97}.Release|Any CPU.ActiveCfg = Release|Any CPU
		{592ACC41-A1D1-44CA-A6C9-5771E72FDD97}.Release|Any CPU.Build.0 = Release|Any CPU
	EndGlobalSection
	GlobalSection(SolutionProperties) = preSolution
		HideSolutionNode = FALSE
	EndGlobalSection
	GlobalSection(ExtensibilityGlobals) = postSolution
		SolutionGuid = {A708EFCA-A464-4F2A-9FA7-E97C8F333901}
	EndGlobalSection
EndGlobal
